
Microsoft Visual Studio Solution File, Format Version 12.00
# Visual Studio Version 16
VisualStudioVersion = 16.0.29519.181
MinimumVisualStudioVersion = 10.0.40219.1
Project("{9A19103F-16F7-4668-BE54-9A1E7A4F7556}") = "FpdfCsharp", "FpdfCsharp.csproj", "{ED8445ED-6661-49C4-878E-7555144A7322}"
EndProject
Global
	GlobalSection(SolutionConfigurationPlatforms) = preSolution
		Debug|Any CPU = Debug|Any CPU
		Release|Any CPU = Release|Any CPU
	EndGlobalSection
	GlobalSection(ProjectConfigurationPlatforms) = postSolution
		{ED8445ED-6661-49C4-878E-7555144A7322}.Debug|Any CPU.ActiveCfg = Debug|Any CPU
		{ED8445ED-6661-49C4-878E-7555144A7322}.Debug|Any CPU.Build.0 = Debug|Any CPU
		{ED8445ED-6661-49C4-878E-7555144A7322}.Release|Any CPU.ActiveCfg = Release|Any CPU
		{ED8445ED-6661-49C4-878E-7555144A7322}.Release|Any CPU.Build.0 = Release|Any CPU
	EndGlobalSection
	GlobalSection(SolutionProperties) = preSolution
		HideSolutionNode = FALSE
	EndGlobalSection
	GlobalSection(ExtensibilityGlobals) = postSolution
		SolutionGuid = {7F272FF5-044D-41B0-BD8C-49274FB8C18D}
	EndGlobalSection
EndGlobal
